
Microsoft Visual Studio Solution File, Format Version 12.00
# Visual Studio Version 17
VisualStudioVersion = 17.2.32519.379
MinimumVisualStudioVersion = 10.0.40219.1
Project("{FAE04EC0-301F-11D3-BF4B-00C04F79EFBC}") = "Bank", "Bank\Bank.csproj", "{DC270CED-535B-4C52-B286-8143144CB08A}"
EndProject
Global
	GlobalSection(SolutionConfigurationPlatforms) = preSolution
		Debug|Any CPU = Debug|Any CPU
		Release|Any CPU = Release|Any CPU
	EndGlobalSection
	GlobalSection(ProjectConfigurationPlatforms) = postSolution
		{DC270CED-535B-4C52-B286-8143144CB08A}.Debug|Any CPU.ActiveCfg = Debug|Any CPU
		{DC270CED-535B-4C52-B286-8143144CB08A}.Debug|Any CPU.Build.0 = Debug|Any CPU
		{DC270CED-535B-4C52-B286-8143144CB08A}.Release|Any CPU.ActiveCfg = Release|Any CPU
		{DC270CED-535B-4C52-B286-8143144CB08A}.Release|Any CPU.Build.0 = Release|Any CPU
	EndGlobalSection
	GlobalSection(SolutionProperties) = preSolution
		HideSolutionNode = FALSE
	EndGlobalSection
	GlobalSection(ExtensibilityGlobals) = postSolution
		SolutionGuid = {E79A4CD4-3891-44DB-A8FA-1A14B8427C5A}
	EndGlobalSection
EndGlobal
